
Microsoft Visual Studio Solution File, Format Version 12.00
# Visual Studio Version 16
VisualStudioVersion = 16.0.31624.102
MinimumVisualStudioVersion = 10.0.40219.1
Project("{FAE04EC0-301F-11D3-BF4B-00C04F79EFBC}") = "ASWAWrapper.API", "ASWAWrapper.API\ASWAWrapper.API.csproj", "{52D16A6B-61E6-4451-AD7C-2094511A2C9A}"
EndProject
Project("{FAE04EC0-301F-11D3-BF4B-00C04F79EFBC}") = "ASWAWrapper.Common", "ASWAWrapper.Common\ASWAWrapper.Common.csproj", "{0FAEB73A-520D-46E2-9C00-2F7FDB4D4198}"
EndProject
Project("{FAE04EC0-301F-11D3-BF4B-00C04F79EFBC}") = "ASWAWrapper.Models", "ASWAWrapper.Models\ASWAWrapper.Models.csproj", "{312FA3E6-AA08-4B4F-9F79-0617EB57459A}"
EndProject
Global
	GlobalSection(SolutionConfigurationPlatforms) = preSolution
		Debug|Any CPU = Debug|Any CPU
		Release|Any CPU = Release|Any CPU
	EndGlobalSection
	GlobalSection(ProjectConfigurationPlatforms) = postSolution
		{52D16A6B-61E6-4451-AD7C-2094511A2C9A}.Debug|Any CPU.ActiveCfg = Debug|Any CPU
		{52D16A6B-61E6-4451-AD7C-2094511A2C9A}.Debug|Any CPU.Build.0 = Debug|Any CPU
		{52D16A6B-61E6-4451-AD7C-2094511A2C9A}.Release|Any CPU.ActiveCfg = Release|Any CPU
		{52D16A6B-61E6-4451-AD7C-2094511A2C9A}.Release|Any CPU.Build.0 = Release|Any CPU
		{0FAEB73A-520D-46E2-9C00-2F7FDB4D4198}.Debug|Any CPU.ActiveCfg = Debug|Any CPU
		{0FAEB73A-520D-46E2-9C00-2F7FDB4D4198}.Debug|Any CPU.Build.0 = Debug|Any CPU
		{0FAEB73A-520D-46E2-9C00-2F7FDB4D4198}.Release|Any CPU.ActiveCfg = Release|Any CPU
		{0FAEB73A-520D-46E2-9C00-2F7FDB4D4198}.Release|Any CPU.Build.0 = Release|Any CPU
		{312FA3E6-AA08-4B4F-9F79-0617EB57459A}.Debug|Any CPU.ActiveCfg = Debug|Any CPU
		{312FA3E6-AA08-4B4F-9F79-0617EB57459A}.Debug|Any CPU.Build.0 = Debug|Any CPU
		{312FA3E6-AA08-4B4F-9F79-0617EB57459A}.Release|Any CPU.ActiveCfg = Release|Any CPU
		{312FA3E6-AA08-4B4F-9F79-0617EB57459A}.Release|Any CPU.Build.0 = Release|Any CPU
	EndGlobalSection
	GlobalSection(SolutionProperties) = preSolution
		HideSolutionNode = FALSE
	EndGlobalSection
	GlobalSection(ExtensibilityGlobals) = postSolution
		SolutionGuid = {BE09FED7-42F1-4616-8C9B-A5B39D136F89}
	EndGlobalSection
EndGlobal
